// !$*UTF8*$!
{
	archiveVersion = 1;
	classes = {
	};
	objectVersion = 50;
	objects = {

/* Begin PBXBuildFile section */
		3549FD9C2209A9420035F601 /* AppDelegate.swift in Sources */ = {isa = PBXBuildFile; fileRef = 3549FD9B2209A9420035F601 /* AppDelegate.swift */; };
		3549FD9E2209A9420035F601 /* ViewController.swift in Sources */ = {isa = PBXBuildFile; fileRef = 3549FD9D2209A9420035F601 /* ViewController.swift */; };
		3549FDA12209A9420035F601 /* Main.storyboard in Resources */ = {isa = PBXBuildFile; fileRef = 3549FD9F2209A9420035F601 /* Main.storyboard */; };
		3549FDA32209A9430035F601 /* Assets.xcassets in Resources */ = {isa = PBXBuildFile; fileRef = 3549FDA22209A9430035F601 /* Assets.xcassets */; };
		3549FDA62209A9430035F601 /* LaunchScreen.storyboard in Resources */ = {isa = PBXBuildFile; fileRef = 3549FDA42209A9430035F601 /* LaunchScreen.storyboard */; };
		3549FDB12209A9430035F601 /* LogoVideoPlayerTests.swift in Sources */ = {isa = PBXBuildFile; fileRef = 3549FDB02209A9430035F601 /* LogoVideoPlayerTests.swift */; };
		3549FDBC2209A9E30035F601 /* ViewModel.swift in Sources */ = {isa = PBXBuildFile; fileRef = 3549FDBB2209A9E30035F601 /* ViewModel.swift */; };
		3549FDBF2209AA110035F601 /* ubu.mp4 in Resources */ = {isa = PBXBuildFile; fileRef = 3549FDBE2209AA110035F601 /* ubu.mp4 */; };
		3549FDC12209AA420035F601 /* gf.mp4 in Resources */ = {isa = PBXBuildFile; fileRef = 3549FDC02209AA420035F601 /* gf.mp4 */; };
		357002BC2211E32E00BA2B68 /* poliz.mp4 in Resources */ = {isa = PBXBuildFile; fileRef = 357002BB2211E32E00BA2B68 /* poliz.mp4 */; };
/* End PBXBuildFile section */

/* Begin PBXContainerItemProxy section */
		3549FDAD2209A9430035F601 /* PBXContainerItemProxy */ = {
			isa = PBXContainerItemProxy;
			containerPortal = 3549FD902209A9420035F601 /* Project object */;
			proxyType = 1;
			remoteGlobalIDString = 3549FD972209A9420035F601;
			remoteInfo = LogoVideoPlayer;
		};
/* End PBXContainerItemProxy section */

/* Begin PBXFileReference section */
		3549FD982209A9420035F601 /* LogoVideoPlayer.app */ = {isa = PBXFileReference; explicitFileType = wrapper.application; includeInIndex = 0; path = LogoVideoPlayer.app; sourceTree = BUILT_PRODUCTS_DIR; };
		3549FD9B2209A9420035F601 /* AppDelegate.swift */ = {isa = PBXFileReference; lastKnownFileType = sourcecode.swift; path = AppDelegate.swift; sourceTree = "<group>"; };
		3549FD9D2209A9420035F601 /* ViewController.swift */ = {isa = PBXFileReference; lastKnownFileType = sourcecode.swift; path = ViewController.swift; sourceTree = "<group>"; };
		3549FDA02209A9420035F601 /* Base */ = {isa = PBXFileReference; lastKnownFileType = file.storyboard; name = Base; path = Base.lproj/Main.storyboard; sourceTree = "<group>"; };
		3549FDA22209A9430035F601 /* Assets.xcassets */ = {isa = PBXFileReference; lastKnownFileType = folder.assetcatalog; path = Assets.xcassets; sourceTree = "<group>"; };
		3549FDA52209A9430035F601 /* Base */ = {isa = PBXFileReference; lastKnownFileType = file.storyboard; name = Base; path = Base.lproj/LaunchScreen.storyboard; sourceTree = "<group>"; };
		3549FDA72209A9430035F601 /* Info.plist */ = {isa = PBXFileReference; lastKnownFileType = text.plist.xml; path = Info.plist; sourceTree = "<group>"; };
		3549FDAC2209A9430035F601 /* LogoVideoPlayerTests.xctest */ = {isa = PBXFileReference; explicitFileType = wrapper.cfbundle; includeInIndex = 0; path = LogoVideoPlayerTests.xctest; sourceTree = BUILT_PRODUCTS_DIR; };
		3549FDB02209A9430035F601 /* LogoVideoPlayerTests.swift */ = {isa = PBXFileReference; lastKnownFileType = sourcecode.swift; path = LogoVideoPlayerTests.swift; sourceTree = "<group>"; };
		3549FDB22209A9430035F601 /* Info.plist */ = {isa = PBXFileReference; lastKnownFileType = text.plist.xml; path = Info.plist; sourceTree = "<group>"; };
		3549FDBB2209A9E30035F601 /* ViewModel.swift */ = {isa = PBXFileReference; fileEncoding = 4; lastKnownFileType = sourcecode.swift; path = ViewModel.swift; sourceTree = "<group>"; };
		3549FDBE2209AA110035F601 /* ubu.mp4 */ = {isa = PBXFileReference; lastKnownFileType = file; path = ubu.mp4; sourceTree = "<group>"; };
		3549FDC02209AA420035F601 /* gf.mp4 */ = {isa = PBXFileReference; lastKnownFileType = file; path = gf.mp4; sourceTree = "<group>"; };
		357002BB2211E32E00BA2B68 /* poliz.mp4 */ = {isa = PBXFileReference; lastKnownFileType = file; path = poliz.mp4; sourceTree = "<group>"; };
/* End PBXFileReference section */

/* Begin PBXFrameworksBuildPhase section */
		3549FD952209A9420035F601 /* Frameworks */ = {
			isa = PBXFrameworksBuildPhase;
			buildActionMask = 2147483647;
			files = (
			);
			runOnlyForDeploymentPostprocessing = 0;
		};
		3549FDA92209A9430035F601 /* Frameworks */ = {
			isa = PBXFrameworksBuildPhase;
			buildActionMask = 2147483647;
			files = (
			);
			runOnlyForDeploymentPostprocessing = 0;
		};
/* End PBXFrameworksBuildPhase section */

/* Begin PBXGroup section */
		3549FD8F2209A9420035F601 = {
			isa = PBXGroup;
			children = (
				3549FD9A2209A9420035F601 /* LogoVideoPlayer */,
				3549FDAF2209A9430035F601 /* LogoVideoPlayerTests */,
				3549FD992209A9420035F601 /* Products */,
			);
			sourceTree = "<group>";
		};
		3549FD992209A9420035F601 /* Products */ = {
			isa = PBXGroup;
			children = (
				3549FD982209A9420035F601 /* LogoVideoPlayer.app */,
				3549FDAC2209A9430035F601 /* LogoVideoPlayerTests.xctest */,
			);
			name = Products;
			sourceTree = "<group>";
		};
		3549FD9A2209A9420035F601 /* LogoVideoPlayer */ = {
			isa = PBXGroup;
			children = (
				3549FDBD2209AA110035F601 /* videos */,
				3549FD9B2209A9420035F601 /* AppDelegate.swift */,
				3549FD9D2209A9420035F601 /* ViewController.swift */,
				3549FDBB2209A9E30035F601 /* ViewModel.swift */,
				3549FD9F2209A9420035F601 /* Main.storyboard */,
				3549FDA22209A9430035F601 /* Assets.xcassets */,
				3549FDA42209A9430035F601 /* LaunchScreen.storyboard */,
				3549FDA72209A9430035F601 /* Info.plist */,
			);
			path = LogoVideoPlayer;
			sourceTree = "<group>";
		};
		3549FDAF2209A9430035F601 /* LogoVideoPlayerTests */ = {
			isa = PBXGroup;
			children = (
				3549FDB02209A9430035F601 /* LogoVideoPlayerTests.swift */,
				3549FDB22209A9430035F601 /* Info.plist */,
			);
			path = LogoVideoPlayerTests;
			sourceTree = "<group>";
		};
		3549FDBD2209AA110035F601 /* videos */ = {
			isa = PBXGroup;
			children = (
				357002BB2211E32E00BA2B68 /* poliz.mp4 */,
				3549FDC02209AA420035F601 /* gf.mp4 */,
				3549FDBE2209AA110035F601 /* ubu.mp4 */,
			);
			path = videos;
			sourceTree = "<group>";
		};
/* End PBXGroup section */

/* Begin PBXNativeTarget section */
		3549FD972209A9420035F601 /* LogoVideoPlayer */ = {
			isa = PBXNativeTarget;
			buildConfigurationList = 3549FDB52209A9430035F601 /* Build configuration list for PBXNativeTarget "LogoVideoPlayer" */;
			buildPhases = (
				3549FD942209A9420035F601 /* Sources */,
				3549FD952209A9420035F601 /* Frameworks */,
				3549FD962209A9420035F601 /* Resources */,
			);
			buildRules = (
			);
			dependencies = (
			);
			name = LogoVideoPlayer;
			productName = LogoVideoPlayer;
			productReference = 3549FD982209A9420035F601 /* LogoVideoPlayer.app */;
			productType = "com.apple.product-type.application";
		};
		3549FDAB2209A9430035F601 /* LogoVideoPlayerTests */ = {
			isa = PBXNativeTarget;
			buildConfigurationList = 3549FDB82209A9430035F601 /* Build configuration list for PBXNativeTarget "LogoVideoPlayerTests" */;
			buildPhases = (
				3549FDA82209A9430035F601 /* Sources */,
				3549FDA92209A9430035F601 /* Frameworks */,
				3549FDAA2209A9430035F601 /* Resources */,
			);
			buildRules = (
			);
			dependencies = (
				3549FDAE2209A9430035F601 /* PBXTargetDependency */,
			);
			name = LogoVideoPlayerTests;
			productName = LogoVideoPlayerTests;
			productReference = 3549FDAC2209A9430035F601 /* LogoVideoPlayerTests.xctest */;
			productType = "com.apple.product-type.bundle.unit-test";
		};
/* End PBXNativeTarget section */

/* Begin PBXProject section */
		3549FD902209A9420035F601 /* Project object */ = {
			isa = PBXProject;
			attributes = {
				LastSwiftUpdateCheck = 1010;
				LastUpgradeCheck = 1010;
				ORGANIZATIONNAME = "Para Molina, Jorge (Cognizant)";
				TargetAttributes = {
					3549FD972209A9420035F601 = {
						CreatedOnToolsVersion = 10.1;
					};
					3549FDAB2209A9430035F601 = {
						CreatedOnToolsVersion = 10.1;
						TestTargetID = 3549FD972209A9420035F601;
					};
				};
			};
			buildConfigurationList = 3549FD932209A9420035F601 /* Build configuration list for PBXProject "LogoVideoPlayer" */;
			compatibilityVersion = "Xcode 9.3";
			developmentRegion = en;
			hasScannedForEncodings = 0;
			knownRegions = (
				en,
				Base,
			);
			mainGroup = 3549FD8F2209A9420035F601;
			productRefGroup = 3549FD992209A9420035F601 /* Products */;
			projectDirPath = "";
			projectRoot = "";
			targets = (
				3549FD972209A9420035F601 /* LogoVideoPlayer */,
				3549FDAB2209A9430035F601 /* LogoVideoPlayerTests */,
			);
		};
/* End PBXProject section */

/* Begin PBXResourcesBuildPhase section */
		3549FD962209A9420035F601 /* Resources */ = {
			isa = PBXResourcesBuildPhase;
			buildActionMask = 2147483647;
			files = (
				3549FDC12209AA420035F601 /* gf.mp4 in Resources */,
				3549FDA62209A9430035F601 /* LaunchScreen.storyboard in Resources */,
				357002BC2211E32E00BA2B68 /* poliz.mp4 in Resources */,
				3549FDA32209A9430035F601 /* Assets.xcassets in Resources */,
				3549FDBF2209AA110035F601 /* ubu.mp4 in Resources */,
				3549FDA12209A9420035F601 /* Main.storyboard in Resources */,
			);
			runOnlyForDeploymentPostprocessing = 0;
		};
		3549FDAA2209A9430035F601 /* Resources */ = {
			isa = PBXResourcesBuildPhase;
			buildActionMask = 2147483647;
			files = (
			);
			runOnlyForDeploymentPostprocessing = 0;
		};
/* End PBXResourcesBuildPhase section */

/* Begin PBXSourcesBuildPhase section */
		3549FD942209A9420035F601 /* Sources */ = {
			isa = PBXSourcesBuildPhase;
			buildActionMask = 2147483647;
			files = (
				3549FD9E2209A9420035F601 /* ViewController.swift in Sources */,
				3549FDBC2209A9E30035F601 /* ViewModel.swift in Sources */,
				3549FD9C2209A9420035F601 /* AppDelegate.swift in Sources */,
			);
			runOnlyForDeploymentPostprocessing = 0;
		};
		3549FDA82209A9430035F601 /* Sources */ = {
			isa = PBXSourcesBuildPhase;
			buildActionMask = 2147483647;
			files = (
				3549FDB12209A9430035F601 /* LogoVideoPlayerTests.swift in Sources */,
			);
			runOnlyForDeploymentPostprocessing = 0;
		};
/* End PBXSourcesBuildPhase section */

/* Begin PBXTargetDependency section */
		3549FDAE2209A9430035F601 /* PBXTargetDependency */ = {
			isa = PBXTargetDependency;
			target = 3549FD972209A9420035F601 /* LogoVideoPlayer */;
			targetProxy = 3549FDAD2209A9430035F601 /* PBXContainerItemProxy */;
		};
/* End PBXTargetDependency section */

/* Begin PBXVariantGroup section */
		3549FD9F2209A9420035F601 /* Main.storyboard */ = {
			isa = PBXVariantGroup;
			children = (
				3549FDA02209A9420035F601 /* Base */,
			);
			name = Main.storyboard;
			sourceTree = "<group>";
		};
		3549FDA42209A9430035F601 /* LaunchScreen.storyboard */ = {
			isa = PBXVariantGroup;
			children = (
				3549FDA52209A9430035F601 /* Base */,
			);
			name = LaunchScreen.storyboard;
			sourceTree = "<group>";
		};
/* End PBXVariantGroup section */

/* Begin XCBuildConfiguration section */
		3549FDB32209A9430035F601 /* Debug */ = {
			isa = XCBuildConfiguration;
			buildSettings = {
				ALWAYS_SEARCH_USER_PATHS = NO;
				CLANG_ANALYZER_NONNULL = YES;
				CLANG_ANALYZER_NUMBER_OBJECT_CONVERSION = YES_AGGRESSIVE;
				CLANG_CXX_LANGUAGE_STANDARD = "gnu++14";
				CLANG_CXX_LIBRARY = "libc++";
				CLANG_ENABLE_MODULES = YES;
				CLANG_ENABLE_OBJC_ARC = YES;
				CLANG_ENABLE_OBJC_WEAK = YES;
				CLANG_WARN_BLOCK_CAPTURE_AUTORELEASING = YES;
				CLANG_WARN_BOOL_CONVERSION = YES;
				CLANG_WARN_COMMA = YES;
				CLANG_WARN_CONSTANT_CONVERSION = YES;
				CLANG_WARN_DEPRECATED_OBJC_IMPLEMENTATIONS = YES;
				CLANG_WARN_DIRECT_OBJC_ISA_USAGE = YES_ERROR;
				CLANG_WARN_DOCUMENTATION_COMMENTS = YES;
				CLANG_WARN_EMPTY_BODY = YES;
				CLANG_WARN_ENUM_CONVERSION = YES;
				CLANG_WARN_INFINITE_RECURSION = YES;
				CLANG_WARN_INT_CONVERSION = YES;
				CLANG_WARN_NON_LITERAL_NULL_CONVERSION = YES;
				CLANG_WARN_OBJC_IMPLICIT_RETAIN_SELF = YES;
				CLANG_WARN_OBJC_LITERAL_CONVERSION = YES;
				CLANG_WARN_OBJC_ROOT_CLASS = YES_ERROR;
				CLANG_WARN_RANGE_LOOP_ANALYSIS = YES;
				CLANG_WARN_STRICT_PROTOTYPES = YES;
				CLANG_WARN_SUSPICIOUS_MOVE = YES;
				CLANG_WARN_UNGUARDED_AVAILABILITY = YES_AGGRESSIVE;
				CLANG_WARN_UNREACHABLE_CODE = YES;
				CLANG_WARN__DUPLICATE_METHOD_MATCH = YES;
				CODE_SIGN_IDENTITY = "iPhone Developer";
				COPY_PHASE_STRIP = NO;
				DEBUG_INFORMATION_FORMAT = dwarf;
				ENABLE_STRICT_OBJC_MSGSEND = YES;
				ENABLE_TESTABILITY = YES;
				GCC_C_LANGUAGE_STANDARD = gnu11;
				GCC_DYNAMIC_NO_PIC = NO;
				GCC_NO_COMMON_BLOCKS = YES;
				GCC_OPTIMIZATION_LEVEL = 0;
				GCC_PREPROCESSOR_DEFINITIONS = (
					"DEBUG=1",
					"$(inherited)",
				);
				GCC_WARN_64_TO_32_BIT_CONVERSION = YES;
				GCC_WARN_ABOUT_RETURN_TYPE = YES_ERROR;
				GCC_WARN_UNDECLARED_SELECTOR = YES;
				GCC_WARN_UNINITIALIZED_AUTOS = YES_AGGRESSIVE;
				GCC_WARN_UNUSED_FUNCTION = YES;
				GCC_WARN_UNUSED_VARIABLE = YES;
				IPHONEOS_DEPLOYMENT_TARGET = 12.1;
				MTL_ENABLE_DEBUG_INFO = INCLUDE_SOURCE;
				MTL_FAST_MATH = YES;
				ONLY_ACTIVE_ARCH = YES;
				SDKROOT = iphoneos;
				SWIFT_ACTIVE_COMPILATION_CONDITIONS = DEBUG;
				SWIFT_OPTIMIZATION_LEVEL = "-Onone";
			};
			name = Debug;
		};
		3549FDB42209A9430035F601 /* Release */ = {
			isa = XCBuildConfiguration;
			buildSettings = {
				ALWAYS_SEARCH_USER_PATHS = NO;
				CLANG_ANALYZER_NONNULL = YES;
				CLANG_ANALYZER_NUMBER_OBJECT_CONVERSION = YES_AGGRESSIVE;
				CLANG_CXX_LANGUAGE_STANDARD = "gnu++14";
				CLANG_CXX_LIBRARY = "libc++";
				CLANG_ENABLE_MODULES = YES;
				CLANG_ENABLE_OBJC_ARC = YES;
				CLANG_ENABLE_OBJC_WEAK = YES;
				CLANG_WARN_BLOCK_CAPTURE_AUTORELEASING = YES;
				CLANG_WARN_BOOL_CONVERSION = YES;
				CLANG_WARN_COMMA = YES;
				CLANG_WARN_CONSTANT_CONVERSION = YES;
				CLANG_WARN_DEPRECATED_OBJC_IMPLEMENTATIONS = YES;
				CLANG_WARN_DIRECT_OBJC_ISA_USAGE = YES_ERROR;
				CLANG_WARN_DOCUMENTATION_COMMENTS = YES;
				CLANG_WARN_EMPTY_BODY = YES;
				CLANG_WARN_ENUM_CONVERSION = YES;
				CLANG_WARN_INFINITE_RECURSION = YES;
				CLANG_WARN_INT_CONVERSION = YES;
				CLANG_WARN_NON_LITERAL_NULL_CONVERSION = YES;
				CLANG_WARN_OBJC_IMPLICIT_RETAIN_SELF = YES;
				CLANG_WARN_OBJC_LITERAL_CONVERSION = YES;
				CLANG_WARN_OBJC_ROOT_CLASS = YES_ERROR;
				CLANG_WARN_RANGE_LOOP_ANALYSIS = YES;
				CLANG_WARN_STRICT_PROTOTYPES = YES;
				CLANG_WARN_SUSPICIOUS_MOVE = YES;
				CLANG_WARN_UNGUARDED_AVAILABILITY = YES_AGGRESSIVE;
				CLANG_WARN_UNREACHABLE_CODE = YES;
				CLANG_WARN__DUPLICATE_METHOD_MATCH = YES;
				CODE_SIGN_IDENTITY = "iPhone Developer";
				COPY_PHASE_STRIP = NO;
				DEBUG_INFORMATION_FORMAT = "dwarf-with-dsym";
				ENABLE_NS_ASSERTIONS = NO;
				ENABLE_STRICT_OBJC_MSGSEND = YES;
				GCC_C_LANGUAGE_STANDARD = gnu11;
				GCC_NO_COMMON_BLOCKS = YES;
				GCC_WARN_64_TO_32_BIT_CONVERSION = YES;
				GCC_WARN_ABOUT_RETURN_TYPE = YES_ERROR;
				GCC_WARN_UNDECLARED_SELECTOR = YES;
				GCC_WARN_UNINITIALIZED_AUTOS = YES_AGGRESSIVE;
				GCC_WARN_UNUSED_FUNCTION = YES;
				GCC_WARN_UNUSED_VARIABLE = YES;
				IPHONEOS_DEPLOYMENT_TARGET = 12.1;
				MTL_ENABLE_DEBUG_INFO = NO;
				MTL_FAST_MATH = YES;
				SDKROOT = iphoneos;
				SWIFT_COMPILATION_MODE = wholemodule;
				SWIFT_OPTIMIZATION_LEVEL = "-O";
				VALIDATE_PRODUCT = YES;
			};
			name = Release;
		};
		3549FDB62209A9430035F601 /* Debug */ = {
			isa = XCBuildConfiguration;
			buildSettings = {
				ASSETCATALOG_COMPILER_APPICON_NAME = AppIcon;
				CODE_SIGN_IDENTITY = "iPhone Developer";
				CODE_SIGN_STYLE = Manual;
				DEVELOPMENT_TEAM = "";
				INFOPLIST_FILE = LogoVideoPlayer/Info.plist;
				LD_RUNPATH_SEARCH_PATHS = (
					"$(inherited)",
					"@executable_path/Frameworks",
				);
				PRODUCT_BUNDLE_IDENTIFIER = com.jorgepara.LogoVideoPlayer;
				PRODUCT_NAME = "$(TARGET_NAME)";
				PROVISIONING_PROFILE_SPECIFIER = "";
				SWIFT_VERSION = 4.2;
				TARGETED_DEVICE_FAMILY = "1,2";
			};
			name = Debug;
		};
		3549FDB72209A9430035F601 /* Release */ = {
			isa = XCBuildConfiguration;
			buildSettings = {
				ASSETCATALOG_COMPILER_APPICON_NAME = AppIcon;
				CODE_SIGN_IDENTITY = "iPhone Developer";
				CODE_SIGN_STYLE = Manual;
				DEVELOPMENT_TEAM = "";
				INFOPLIST_FILE = LogoVideoPlayer/Info.plist;
				LD_RUNPATH_SEARCH_PATHS = (
					"$(inherited)",
					"@executable_path/Frameworks",
				);
				PRODUCT_BUNDLE_IDENTIFIER = com.jorgepara.LogoVideoPlayer;
				PRODUCT_NAME = "$(TARGET_NAME)";
				PROVISIONING_PROFILE_SPECIFIER = "";
				SWIFT_VERSION = 4.2;
				TARGETED_DEVICE_FAMILY = "1,2";
			};
			name = Release;
		};
		3549FDB92209A9430035F601 /* Debug */ = {
			isa = XCBuildConfiguration;
			buildSettings = {
				ALWAYS_EMBED_SWIFT_STANDARD_LIBRARIES = YES;
				BUNDLE_LOADER = "$(TEST_HOST)";
				CODE_SIGN_STYLE = Manual;
				DEVELOPMENT_TEAM = "";
				INFOPLIST_FILE = LogoVideoPlayerTests/Info.plist;
				LD_RUNPATH_SEARCH_PATHS = (
					"$(inherited)",
					"@executable_path/Frameworks",
					"@loader_path/Frameworks",
				);
				PRODUCT_BUNDLE_IDENTIFIER = com.cognizant.cdbintspain.LogoVideoPlayerTests;
				PRODUCT_NAME = "$(TARGET_NAME)";
				PROVISIONING_PROFILE_SPECIFIER = "";
				SWIFT_VERSION = 4.2;
				TARGETED_DEVICE_FAMILY = "1,2";
				TEST_HOST = "$(BUILT_PRODUCTS_DIR)/LogoVideoPlayer.app/LogoVideoPlayer";
			};
			name = Debug;
		};
		3549FDBA2209A9430035F601 /* Release */ = {
			isa = XCBuildConfiguration;
			buildSettings = {
				ALWAYS_EMBED_SWIFT_STANDARD_LIBRARIES = YES;
				BUNDLE_LOADER = "$(TEST_HOST)";
				CODE_SIGN_STYLE = Manual;
				DEVELOPMENT_TEAM = "";
				INFOPLIST_FILE = LogoVideoPlayerTests/Info.plist;
				LD_RUNPATH_SEARCH_PATHS = (
					"$(inherited)",
					"@executable_path/Frameworks",
					"@loader_path/Frameworks",
				);
				PRODUCT_BUNDLE_IDENTIFIER = com.cognizant.cdbintspain.LogoVideoPlayerTests;
				PRODUCT_NAME = "$(TARGET_NAME)";
				PROVISIONING_PROFILE_SPECIFIER = "";
				SWIFT_VERSION = 4.2;
				TARGETED_DEVICE_FAMILY = "1,2";
				TEST_HOST = "$(BUILT_PRODUCTS_DIR)/LogoVideoPlayer.app/LogoVideoPlayer";
			};
			name = Release;
		};
/* End XCBuildConfiguration section */

/* Begin XCConfigurationList section */
		3549FD932209A9420035F601 /* Build configuration list for PBXProject "LogoVideoPlayer" */ = {
			isa = XCConfigurationList;
			buildConfigurations = (
				3549FDB32209A9430035F601 /* Debug */,
				3549FDB42209A9430035F601 /* Release */,
			);
			defaultConfigurationIsVisible = 0;
			defaultConfigurationName = Release;
		};
		3549FDB52209A9430035F601 /* Build configuration list for PBXNativeTarget "LogoVideoPlayer" */ = {
			isa = XCConfigurationList;
			buildConfigurations = (
				3549FDB62209A9430035F601 /* Debug */,
				3549FDB72209A9430035F601 /* Release */,
			);
			defaultConfigurationIsVisible = 0;
			defaultConfigurationName = Release;
		};
		3549FDB82209A9430035F601 /* Build configuration list for PBXNativeTarget "LogoVideoPlayerTests" */ = {
			isa = XCConfigurationList;
			buildConfigurations = (
				3549FDB92209A9430035F601 /* Debug */,
				3549FDBA2209A9430035F601 /* Release */,
			);
			defaultConfigurationIsVisible = 0;
			defaultConfigurationName = Release;
		};
/* End XCConfigurationList section */
	};
	rootObject = 3549FD902209A9420035F601 /* Project object */;
}
